
Microsoft Visual Studio Solution File, Format Version 12.00
Project("{FAE04EC0-301F-11D3-BF4B-00C04F79EFBC}") = "Common", "Common\Common.csproj", "{2FA63C48-A482-47A4-8175-765793790AD5}"
EndProject
Project("{FAE04EC0-301F-11D3-BF4B-00C04F79EFBC}") = "Common.Tests", "Common.Tests\Common.Tests.csproj", "{8D59A91A-11A1-4724-9F0B-4F5847497437}"
EndProject
Project("{FAE04EC0-301F-11D3-BF4B-00C04F79EFBC}") = "Day01", "2015\Day01\Day01.csproj", "{F65B4A44-AB98-4B5B-838E-96BF1343DDAC}"
EndProject
Project("{2150E333-8FDC-42A3-9474-1A3956D46DE8}") = "2015", "2015", "{A9673B8E-A9AD-4BB7-BF80-9D6A208B04E0}"
EndProject
Project("{FAE04EC0-301F-11D3-BF4B-00C04F79EFBC}") = "Day02", "2015\Day02\Day02.csproj", "{907FF430-22DB-4E72-80DC-527795FEFE13}"
EndProject
Project("{FAE04EC0-301F-11D3-BF4B-00C04F79EFBC}") = "Day03", "2015\Day03\Day03.csproj", "{596983F8-E1B2-4973-932C-7CAD4119065A}"
EndProject
Project("{FAE04EC0-301F-11D3-BF4B-00C04F79EFBC}") = "Day04", "2015\Day04\Day04.csproj", "{EA6054CA-0D20-445B-9A8A-DA2A5F1D2A1E}"
EndProject
Project("{FAE04EC0-301F-11D3-BF4B-00C04F79EFBC}") = "Day05", "2015\Day05\Day05.csproj", "{E3B51054-1227-4148-8661-8E7BF2AFB840}"
EndProject
Global
	GlobalSection(SolutionConfigurationPlatforms) = preSolution
		Debug|Any CPU = Debug|Any CPU
		Release|Any CPU = Release|Any CPU
	EndGlobalSection
	GlobalSection(ProjectConfigurationPlatforms) = postSolution
		{2FA63C48-A482-47A4-8175-765793790AD5}.Debug|Any CPU.ActiveCfg = Debug|Any CPU
		{2FA63C48-A482-47A4-8175-765793790AD5}.Debug|Any CPU.Build.0 = Debug|Any CPU
		{2FA63C48-A482-47A4-8175-765793790AD5}.Release|Any CPU.ActiveCfg = Release|Any CPU
		{2FA63C48-A482-47A4-8175-765793790AD5}.Release|Any CPU.Build.0 = Release|Any CPU
		{8D59A91A-11A1-4724-9F0B-4F5847497437}.Debug|Any CPU.ActiveCfg = Debug|Any CPU
		{8D59A91A-11A1-4724-9F0B-4F5847497437}.Debug|Any CPU.Build.0 = Debug|Any CPU
		{8D59A91A-11A1-4724-9F0B-4F5847497437}.Release|Any CPU.ActiveCfg = Release|Any CPU
		{8D59A91A-11A1-4724-9F0B-4F5847497437}.Release|Any CPU.Build.0 = Release|Any CPU
		{F65B4A44-AB98-4B5B-838E-96BF1343DDAC}.Debug|Any CPU.ActiveCfg = Debug|Any CPU
		{F65B4A44-AB98-4B5B-838E-96BF1343DDAC}.Debug|Any CPU.Build.0 = Debug|Any CPU
		{F65B4A44-AB98-4B5B-838E-96BF1343DDAC}.Release|Any CPU.ActiveCfg = Release|Any CPU
		{F65B4A44-AB98-4B5B-838E-96BF1343DDAC}.Release|Any CPU.Build.0 = Release|Any CPU
		{907FF430-22DB-4E72-80DC-527795FEFE13}.Debug|Any CPU.ActiveCfg = Debug|Any CPU
		{907FF430-22DB-4E72-80DC-527795FEFE13}.Debug|Any CPU.Build.0 = Debug|Any CPU
		{907FF430-22DB-4E72-80DC-527795FEFE13}.Release|Any CPU.ActiveCfg = Release|Any CPU
		{907FF430-22DB-4E72-80DC-527795FEFE13}.Release|Any CPU.Build.0 = Release|Any CPU
		{596983F8-E1B2-4973-932C-7CAD4119065A}.Debug|Any CPU.ActiveCfg = Debug|Any CPU
		{596983F8-E1B2-4973-932C-7CAD4119065A}.Debug|Any CPU.Build.0 = Debug|Any CPU
		{596983F8-E1B2-4973-932C-7CAD4119065A}.Release|Any CPU.ActiveCfg = Release|Any CPU
		{596983F8-E1B2-4973-932C-7CAD4119065A}.Release|Any CPU.Build.0 = Release|Any CPU
		{EA6054CA-0D20-445B-9A8A-DA2A5F1D2A1E}.Debug|Any CPU.ActiveCfg = Debug|Any CPU
		{EA6054CA-0D20-445B-9A8A-DA2A5F1D2A1E}.Debug|Any CPU.Build.0 = Debug|Any CPU
		{EA6054CA-0D20-445B-9A8A-DA2A5F1D2A1E}.Release|Any CPU.ActiveCfg = Release|Any CPU
		{EA6054CA-0D20-445B-9A8A-DA2A5F1D2A1E}.Release|Any CPU.Build.0 = Release|Any CPU
		{E3B51054-1227-4148-8661-8E7BF2AFB840}.Debug|Any CPU.ActiveCfg = Debug|Any CPU
		{E3B51054-1227-4148-8661-8E7BF2AFB840}.Debug|Any CPU.Build.0 = Debug|Any CPU
		{E3B51054-1227-4148-8661-8E7BF2AFB840}.Release|Any CPU.ActiveCfg = Release|Any CPU
		{E3B51054-1227-4148-8661-8E7BF2AFB840}.Release|Any CPU.Build.0 = Release|Any CPU
	EndGlobalSection
	GlobalSection(NestedProjects) = preSolution
		{F65B4A44-AB98-4B5B-838E-96BF1343DDAC} = {A9673B8E-A9AD-4BB7-BF80-9D6A208B04E0}
		{907FF430-22DB-4E72-80DC-527795FEFE13} = {A9673B8E-A9AD-4BB7-BF80-9D6A208B04E0}
		{596983F8-E1B2-4973-932C-7CAD4119065A} = {A9673B8E-A9AD-4BB7-BF80-9D6A208B04E0}
		{EA6054CA-0D20-445B-9A8A-DA2A5F1D2A1E} = {A9673B8E-A9AD-4BB7-BF80-9D6A208B04E0}
		{E3B51054-1227-4148-8661-8E7BF2AFB840} = {A9673B8E-A9AD-4BB7-BF80-9D6A208B04E0}
	EndGlobalSection
EndGlobal
